
Microsoft Visual Studio Solution File, Format Version 11.00
# Visual Studio 2010
Project("{FAE04EC0-301F-11D3-BF4B-00C04F79EFBC}") = "AUV Simulator (No Image)", "Assembly-CSharp-firstpass.csproj", "{F99CB93A-0D2A-B1ED-7795-5F70A1145300}"
EndProject
Project("{FAE04EC0-301F-11D3-BF4B-00C04F79EFBC}") = "AUV Simulator (No Image)", "Assembly-CSharp.csproj", "{57631B22-3B15-6545-8A6D-26D8A95E602B}"
EndProject
Project("{FAE04EC0-301F-11D3-BF4B-00C04F79EFBC}") = "AUV Simulator (No Image)", "Assembly-CSharp-Editor.csproj", "{419AF7C8-690E-19A8-FFBB-5EE444539758}"
EndProject
Global
	GlobalSection(SolutionConfigurationPlatforms) = preSolution
		Debug|Any CPU = Debug|Any CPU
		Release|Any CPU = Release|Any CPU
	EndGlobalSection
	GlobalSection(ProjectConfigurationPlatforms) = postSolution
		{F99CB93A-0D2A-B1ED-7795-5F70A1145300}.Debug|Any CPU.ActiveCfg = Debug|Any CPU
		{F99CB93A-0D2A-B1ED-7795-5F70A1145300}.Debug|Any CPU.Build.0 = Debug|Any CPU
		{F99CB93A-0D2A-B1ED-7795-5F70A1145300}.Release|Any CPU.ActiveCfg = Release|Any CPU
		{F99CB93A-0D2A-B1ED-7795-5F70A1145300}.Release|Any CPU.Build.0 = Release|Any CPU
		{57631B22-3B15-6545-8A6D-26D8A95E602B}.Debug|Any CPU.ActiveCfg = Debug|Any CPU
		{57631B22-3B15-6545-8A6D-26D8A95E602B}.Debug|Any CPU.Build.0 = Debug|Any CPU
		{57631B22-3B15-6545-8A6D-26D8A95E602B}.Release|Any CPU.ActiveCfg = Release|Any CPU
		{57631B22-3B15-6545-8A6D-26D8A95E602B}.Release|Any CPU.Build.0 = Release|Any CPU
		{419AF7C8-690E-19A8-FFBB-5EE444539758}.Debug|Any CPU.ActiveCfg = Debug|Any CPU
		{419AF7C8-690E-19A8-FFBB-5EE444539758}.Debug|Any CPU.Build.0 = Debug|Any CPU
		{419AF7C8-690E-19A8-FFBB-5EE444539758}.Release|Any CPU.ActiveCfg = Release|Any CPU
		{419AF7C8-690E-19A8-FFBB-5EE444539758}.Release|Any CPU.Build.0 = Release|Any CPU
	EndGlobalSection
	GlobalSection(SolutionProperties) = preSolution
		HideSolutionNode = FALSE
	EndGlobalSection
	GlobalSection(MonoDevelopProperties) = preSolution
		StartupItem = Assembly-CSharp.csproj
	EndGlobalSection
EndGlobal
