
Microsoft Visual Studio Solution File, Format Version 11.00
# Visual Studio 2010
Project("{FAE04EC0-301F-11D3-BF4B-00C04F79EFBC}") = "AUV Simulator", "Assembly-CSharp-firstpass.csproj", "{9FDFF9B9-9D5D-4FBE-3539-EA530E6D0C9A}"
EndProject
Project("{FAE04EC0-301F-11D3-BF4B-00C04F79EFBC}") = "AUV Simulator", "Assembly-CSharp.csproj", "{4836FE6C-3443-2979-D154-1358B6F9E097}"
EndProject
Project("{FAE04EC0-301F-11D3-BF4B-00C04F79EFBC}") = "AUV Simulator", "Assembly-CSharp-Editor.csproj", "{1D887ECC-9853-1141-D9BE-659A656346F3}"
EndProject
Global
	GlobalSection(SolutionConfigurationPlatforms) = preSolution
		Debug|Any CPU = Debug|Any CPU
		Release|Any CPU = Release|Any CPU
	EndGlobalSection
	GlobalSection(ProjectConfigurationPlatforms) = postSolution
		{9FDFF9B9-9D5D-4FBE-3539-EA530E6D0C9A}.Debug|Any CPU.ActiveCfg = Debug|Any CPU
		{9FDFF9B9-9D5D-4FBE-3539-EA530E6D0C9A}.Debug|Any CPU.Build.0 = Debug|Any CPU
		{9FDFF9B9-9D5D-4FBE-3539-EA530E6D0C9A}.Release|Any CPU.ActiveCfg = Release|Any CPU
		{9FDFF9B9-9D5D-4FBE-3539-EA530E6D0C9A}.Release|Any CPU.Build.0 = Release|Any CPU
		{4836FE6C-3443-2979-D154-1358B6F9E097}.Debug|Any CPU.ActiveCfg = Debug|Any CPU
		{4836FE6C-3443-2979-D154-1358B6F9E097}.Debug|Any CPU.Build.0 = Debug|Any CPU
		{4836FE6C-3443-2979-D154-1358B6F9E097}.Release|Any CPU.ActiveCfg = Release|Any CPU
		{4836FE6C-3443-2979-D154-1358B6F9E097}.Release|Any CPU.Build.0 = Release|Any CPU
		{1D887ECC-9853-1141-D9BE-659A656346F3}.Debug|Any CPU.ActiveCfg = Debug|Any CPU
		{1D887ECC-9853-1141-D9BE-659A656346F3}.Debug|Any CPU.Build.0 = Debug|Any CPU
		{1D887ECC-9853-1141-D9BE-659A656346F3}.Release|Any CPU.ActiveCfg = Release|Any CPU
		{1D887ECC-9853-1141-D9BE-659A656346F3}.Release|Any CPU.Build.0 = Release|Any CPU
	EndGlobalSection
	GlobalSection(SolutionProperties) = preSolution
		HideSolutionNode = FALSE
	EndGlobalSection
	GlobalSection(MonoDevelopProperties) = preSolution
		StartupItem = Assembly-CSharp.csproj
	EndGlobalSection
EndGlobal
